{
  "name": "startup",
  "version": "1.0.0",
  "lockfileVersion": 3,
  "requires": true,
  "packages": {
    "": {
      "name": "startup",
      "version": "1.0.0",
      "license": "ISC",
      "dependencies": {
        "tinny-backend": "^1.0.3"
      }
    },
    "node_modules/tinny-backend": {
      "version": "1.0.3",
      "resolved": "https://registry.npmjs.org/tinny-backend/-/tinny-backend-1.0.3.tgz",
      "integrity": "sha512-sMEQJBB3cdSQnfI6dY1PZtkLV1iX9cnYdKXNrXZTX25QnS6+bAm29H5fR+zDLdubdNnfPK3gCnhFGrwpBQLlNg==",
      "license": "MIT",
      "engines": {
        "node": ">=18.0.0"
      }
    }
  }
}
